# This lock file was generated by conda-lock (https://github.com/conda/conda-lock). DO NOT EDIT!
#
# A "lock file" contains a concrete list of package versions (with checksums) to be installed. Unlike
# e.g. `conda env create`, the resulting environment will not change as new package versions become
# available, unless you explicitly update the lock file.
#
# Install this environment as "YOURENV" with:
#     conda-lock install -n YOURENV site-lock.yml
# To update a single package to the latest version compatible with the version constraints in the source:
#     conda-lock lock  --lockfile site-lock.yml --update PACKAGE
# To re-solve the entire environment, e.g. after changing a version constraint in the source file:
#     conda-lock -f site.yml --lockfile site-lock.yml
version: 1
metadata:
  content_hash:
    win-64: cd8f79436520b59eabcb5978046ab7d1a57a527f11a43148b259e601660463d4
    linux-64: 874f5f6092c52c5c4350ab3b023bbdddf77001200ab92d2b69db4c09c664eb13
  channels:
  - url: conda-forge
    used_env_vars: []
  platforms:
  - win-64
  - linux-64
  sources:
  - site.yml
package:
- name: _openmp_mutex
  version: '4.5'
  manager: conda
  platform: linux-64
  dependencies:
    __glibc: '>=2.17,<3.0.a0'
    libgomp: '>=7.5.0'
  url: https://conda.anaconda.org/conda-forge/linux-64/_openmp_mutex-4.5-20_gnu.conda
  hash:
    md5: a9f577daf3de00bca7c3c76c0ecbd1de
    sha256: 1dd3fffd892081df9726d7eb7e0dea6198962ba775bd88842135a4ddb4deb3c9
  category: main
  optional: false
- name: ca-certificates
  version: 2026.7.22
  manager: conda
  platform: linux-64
  dependencies:
    __unix: ''
  url: https://conda.anaconda.org/conda-forge/noarch/ca-certificates-2026.7.22-hbd8a1cb_0.conda
  hash:
    md5: 0f51e2391ade309db462a55611263e9c
    sha256: 0a0544cf95f64394fe4959286f5c71f5444ad58feb0602e53becb27448d24da6
  category: main
  optional: false
- name: dart-sass
  version: 1.105.1
  manager: conda
  platform: linux-64
  dependencies: {}
  url: https://conda.anaconda.org/conda-forge/linux-64/dart-sass-1.105.1-hfc2019e_0.conda
  hash:
    md5: 8612b64dec32c6bfaddb6f3d924a0a52
    sha256: 097520ce1a17528e8f787577afb63388832d34b556bf3a17f175f1c83ebde670
  category: main
  optional: false
- name: dart-sass
  version: 1.105.1
  manager: conda
  platform: win-64
  dependencies: {}
  url: https://conda.anaconda.org/conda-forge/win-64/dart-sass-1.105.1-h11686cb_0.conda
  hash:
    md5: e056661aa61cc4f5a566c7b4ee89ce14
    sha256: a503ccf25e1fd14929b45109ea9df1a2d3cb1cb06eae9244c20d358f4178ecdf
  category: main
  optional: false
- name: deno
  version: 2.4.5
  manager: conda
  platform: linux-64
  dependencies:
    __glibc: '>=2.28,<3.0.a0'
    libgcc: '>=15'
  url: https://conda.anaconda.org/conda-forge/linux-64/deno-2.4.5-h6046fbb_0.conda
  hash:
    md5: 39a168481d8b14ddc0c07b733fbbda97
    sha256: 3638c08b977b694b1f459da6ad2ba61e956f367e69e9893633b0270e068cb73e
  category: main
  optional: false
- name: deno
  version: 2.4.5
  manager: conda
  platform: win-64
  dependencies:
    ucrt: '>=10.0.20348.0'
    vc: '>=14.3,>=14.3,<15'
    vc14_runtime: '>=14.44.35208'
  url: https://conda.anaconda.org/conda-forge/win-64/deno-2.4.5-h9135563_0.conda
  hash:
    md5: d652d13c4a2fc47e8120cb1639a72597
    sha256: ec2b52d16b8de758142d5aee3f97bc9fa34850f9a6753e188d03f806acbee205
  category: main
  optional: false
- name: deno-dom
  version: 0.1.41
  manager: conda
  platform: linux-64
  dependencies:
    __glibc: '>=2.17,<3.0.a0'
    deno: '>=1.24.2'
  url: https://conda.anaconda.org/conda-forge/linux-64/deno-dom-0.1.41-h4768de7_1.conda
  hash:
    md5: ec45e23dd2643af69b2b71cf67f02813
    sha256: b3696e24feb52d6a3edc78c9969d6efcc9e2ad76b7a922903c3ab6e3a28578d9
  category: main
  optional: false
- name: deno-dom
  version: 0.1.41
  manager: conda
  platform: win-64
  dependencies:
    deno: '>=1.24.2'
    ucrt: '>=10.0.20348.0'
    vc: '>=14.5,<15'
    vc14_runtime: '>=14.51.36247'
  url: https://conda.anaconda.org/conda-forge/win-64/deno-dom-0.1.41-h1a6af48_1.conda
  hash:
    md5: 30f6d817bc4596ae46d0fac7fba23927
    sha256: 0020fd830c689d3b5bd4a932b99645d5f64b9a701050d2df9b41e330172b68fe
  category: main
  optional: false
- name: esbuild
  version: 0.28.1
  manager: conda
  platform: linux-64
  dependencies: {}
  url: https://conda.anaconda.org/conda-forge/linux-64/esbuild-0.28.1-hfc2019e_0.conda
  hash:
    md5: 65b5461adebff76dc54e02c5c19a20a8
    sha256: 2ff0603150014c840474d0ddc8813569d91f9ab20e83cb49b1019eb4155c0a63
  category: main
  optional: false
- name: esbuild
  version: 0.28.1
  manager: conda
  platform: win-64
  dependencies: {}
  url: https://conda.anaconda.org/conda-forge/win-64/esbuild-0.28.1-h11686cb_0.conda
  hash:
    md5: 91cae9c8811689e71bbbfe81d4a15886
    sha256: 85a9e0b9659eae8f2e4e4211bf64d25e6e1f34278ed9c4277b7458b51cc20a7b
  category: main
  optional: false
- name: libgcc
  version: 16.2.0
  manager: conda
  platform: linux-64
  dependencies:
    __glibc: '>=2.17,<3.0.a0'
    _openmp_mutex: '>=4.5'
  url: https://conda.anaconda.org/conda-forge/linux-64/libgcc-16.2.0-ha9f2e26_7.conda
  hash:
    md5: 735629b400b70eeab21a2ba8f5b1c2ce
    sha256: e031634c3a928f9594eba868bc46ef5230d6571a364a0c63215b06c4563bfcea
  category: main
  optional: false
- name: libgomp
  version: 16.2.0
  manager: conda
  platform: linux-64
  dependencies:
    __glibc: '>=2.17,<3.0.a0'
  url: https://conda.anaconda.org/conda-forge/linux-64/libgomp-16.2.0-he0feb66_7.conda
  hash:
    md5: d904c7ddd95e026254b4b80808ee9e12
    sha256: 92a0bb350c7be6a4eedcb4e111c60aefd176018e6b1c009a6e025dbe9bbcd758
  category: main
  optional: false
- name: openssl
  version: 3.6.4
  manager: conda
  platform: linux-64
  dependencies:
    __glibc: '>=2.17,<3.0.a0'
    ca-certificates: ''
    libgcc: '>=15'
  url: https://conda.anaconda.org/conda-forge/linux-64/openssl-3.6.4-h781a0a9_0.conda
  hash:
    md5: 16e3034a330cc625f2c685edec60cf4e
    sha256: 4747b2d6a8336f52343bceb8a1ebf41a9e6e665b9d2e3f989972de53a310599e
  category: main
  optional: false
- name: pandoc
  version: 3.8.3
  manager: conda
  platform: linux-64
  dependencies: {}
  url: https://conda.anaconda.org/conda-forge/linux-64/pandoc-3.8.3-ha770c72_0.conda
  hash:
    md5: 0e4aa34e44a68aeb850349fe51a6a3d0
    sha256: 87ec986d1e0d16d9d2aa149653abeb73d1ac4bd9e6d7dc13ba33ec00134c8a7a
  category: main
  optional: false
- name: pandoc
  version: 3.8.3
  manager: conda
  platform: win-64
  dependencies: {}
  url: https://conda.anaconda.org/conda-forge/win-64/pandoc-3.8.3-h57928b3_0.conda
  hash:
    md5: 904ca93f4f00a75ee3c49147cb00f14d
    sha256: b3d37c502e405e7d1997a028e7eae246acd52436eacdd4f053cb345bde0da8a9
  category: main
  optional: false
- name: quarto
  version: 1.9.38
  manager: conda
  platform: linux-64
  dependencies:
    __glibc: '>=2.17,<3.0.a0'
    dart-sass: ''
    deno: '>=2.4.5,<2.4.6.0a0'
    deno-dom: '>=0.1.41,<0.1.42.0a0'
    esbuild: ''
    libgcc: '>=14'
    openssl: '>=3.5.8,<4.0a0'
    pandoc: 3.8.3
    typst: 0.14.2
  url: https://conda.anaconda.org/conda-forge/linux-64/quarto-1.9.38-hd55b112_0.conda
  hash:
    md5: b56a08748b19822787dd17f81af02330
    sha256: f7a4e3e90c825c50133936cc9248516c46f8d446f6b94a7a73c6798586dd0b10
  category: main
  optional: false
- name: quarto
  version: 1.9.38
  manager: conda
  platform: win-64
  dependencies:
    dart-sass: ''
    deno: '>=2.4.5,<2.4.6.0a0'
    deno-dom: '>=0.1.41,<0.1.42.0a0'
    esbuild: ''
    pandoc: 3.8.3
    typst: 0.14.2
    ucrt: '>=10.0.20348.0'
    vc: '>=14.3,<15'
    vc14_runtime: '>=14.44.35208'
  url: https://conda.anaconda.org/conda-forge/win-64/quarto-1.9.38-h9726a46_0.conda
  hash:
    md5: c0c4b9e5af95fb7d1b3240c206b18436
    sha256: 450a350745ca3cbb48632bac0231e3835531271f891b077c723e1eb539ef5dfe
  category: main
  optional: false
- name: typst
  version: 0.14.2
  manager: conda
  platform: linux-64
  dependencies:
    __glibc: '>=2.17,<3.0.a0'
    libgcc: '>=14'
    openssl: '>=3.5.4,<4.0a0'
  url: https://conda.anaconda.org/conda-forge/linux-64/typst-0.14.2-h4c46f8d_0.conda
  hash:
    md5: 6733bfb9b4338039e182ca3a41253ab5
    sha256: 2051dee6a67d43a0ff0fd2ff9dacd8ef533e89d0b30feedf87613fc84b00c247
  category: main
  optional: false
- name: typst
  version: 0.14.2
  manager: conda
  platform: win-64
  dependencies:
    ucrt: '>=10.0.20348.0'
    vc: '>=14.3,<15'
    vc14_runtime: '>=14.44.35208'
  url: https://conda.anaconda.org/conda-forge/win-64/typst-0.14.2-h77a83cd_0.conda
  hash:
    md5: c7d150437cdf4a2facdb156fe1dbe9b7
    sha256: 6e6f4dfb5d3e43d627e248723ccc963c7889fc59e7039c67b4d6ca2aea20ea99
  category: main
  optional: false
- name: ucrt
  version: 10.0.26100.0
  manager: conda
  platform: win-64
  dependencies: {}
  url: https://conda.anaconda.org/conda-forge/win-64/ucrt-10.0.26100.0-h57928b3_0.conda
  hash:
    md5: 71b24316859acd00bdb8b38f5e2ce328
    sha256: 3005729dce6f3d3f5ec91dfc49fc75a0095f9cd23bab49efb899657297ac91a5
  category: main
  optional: false
- name: vc
  version: '14.5'
  manager: conda
  platform: win-64
  dependencies:
    vc14_runtime: '>=14.51.36247'
  url: https://conda.anaconda.org/conda-forge/win-64/vc-14.5-ha367084_41.conda
  hash:
    md5: aa805b5522c2a98fa286e551a1f48546
    sha256: 35444c55a92e2f7f7ba26bc70f81e56e52344f7d064c0fd4b40a46a58517b79c
  category: main
  optional: false
- name: vc14_runtime
  version: 14.51.36247
  manager: conda
  platform: win-64
  dependencies:
    ucrt: '>=10.0.20348.0'
    vcomp14: 14.51.36247
  url: https://conda.anaconda.org/conda-forge/win-64/vc14_runtime-14.51.36247-habf1de7_41.conda
  hash:
    md5: ac5333bb3d429361f23adf704cc49a78
    sha256: 4e4cb599cdc41bf2109d1464c127b5bcbddf548ce3e322e612afb691338b48f8
  category: main
  optional: false
- name: vcomp14
  version: 14.51.36247
  manager: conda
  platform: win-64
  dependencies:
    ucrt: '>=10.0.20348.0'
  url: https://conda.anaconda.org/conda-forge/win-64/vcomp14-14.51.36247-habf1de7_41.conda
  hash:
    md5: 350bb67a5c8e5f1c53347ac544ab6600
    sha256: 731e043390c9457299484d39e427221fc868a9249540a498a5a4f6456c7744d1
  category: main
  optional: false
